// !$*UTF8*$!
{
	archiveVersion = 1;
	classes = {
	};
	objectVersion = 50;
	objects = {

/* Begin PBXBuildFile section */
		A46774B3241A2FFD0030F5DE /* intrusive_list.cpp in Sources */ = {isa = PBXBuildFile; fileRef = A46774AA241A2FFC0030F5DE /* intrusive_list.cpp */; };
		A46774B4241A2FFD0030F5DE /* assert.cpp in Sources */ = {isa = PBXBuildFile; fileRef = A46774AB241A2FFC0030F5DE /* assert.cpp */; };
		A46774B5241A2FFD0030F5DE /* fixed_pool.cpp in Sources */ = {isa = PBXBuildFile; fileRef = A46774AC241A2FFC0030F5DE /* fixed_pool.cpp */; };
		A46774B6241A2FFD0030F5DE /* hashtable.cpp in Sources */ = {isa = PBXBuildFile; fileRef = A46774AD241A2FFC0030F5DE /* hashtable.cpp */; };
		A46774B7241A2FFD0030F5DE /* numeric_limits.cpp in Sources */ = {isa = PBXBuildFile; fileRef = A46774AE241A2FFC0030F5DE /* numeric_limits.cpp */; };
		A46774B8241A2FFD0030F5DE /* allocator_eastl.cpp in Sources */ = {isa = PBXBuildFile; fileRef = A46774AF241A2FFC0030F5DE /* allocator_eastl.cpp */; };
		A46774B9241A2FFD0030F5DE /* string.cpp in Sources */ = {isa = PBXBuildFile; fileRef = A46774B0241A2FFD0030F5DE /* string.cpp */; };
		A46774BA241A2FFD0030F5DE /* thread_support.cpp in Sources */ = {isa = PBXBuildFile; fileRef = A46774B1241A2FFD0030F5DE /* thread_support.cpp */; };
		A46774BB241A2FFD0030F5DE /* red_black_tree.cpp in Sources */ = {isa = PBXBuildFile; fileRef = A46774B2241A2FFD0030F5DE /* red_black_tree.cpp */; };
/* End PBXBuildFile section */

/* Begin PBXCopyFilesBuildPhase section */
		A467744E241A2F0F0030F5DE /* CopyFiles */ = {
			isa = PBXCopyFilesBuildPhase;
			buildActionMask = 2147483647;
			dstPath = "include/$(PRODUCT_NAME)";
			dstSubfolderSpec = 16;
			files = (
			);
			runOnlyForDeploymentPostprocessing = 0;
		};
/* End PBXCopyFilesBuildPhase section */

/* Begin PBXFileReference section */
		A4677450241A2F0F0030F5DE /* libEASTL.a */ = {isa = PBXFileReference; explicitFileType = archive.ar; includeInIndex = 0; path = libEASTL.a; sourceTree = BUILT_PRODUCTS_DIR; };
		A467745C241A2FB10030F5DE /* shared_array.h */ = {isa = PBXFileReference; fileEncoding = 4; lastKnownFileType = sourcecode.c.h; name = shared_array.h; path = ../../include/EASTL/shared_array.h; sourceTree = "<group>"; };
		A467745D241A2FB10030F5DE /* unordered_map.h */ = {isa = PBXFileReference; fileEncoding = 4; lastKnownFileType = sourcecode.c.h; name = unordered_map.h; path = ../../include/EASTL/unordered_map.h; sourceTree = "<group>"; };
		A467745E241A2FB10030F5DE /* vector_multimap.h */ = {isa = PBXFileReference; fileEncoding = 4; lastKnownFileType = sourcecode.c.h; name = vector_multimap.h; path = ../../include/EASTL/vector_multimap.h; sourceTree = "<group>"; };
		A467745F241A2FB10030F5DE /* fixed_hash_map.h */ = {isa = PBXFileReference; fileEncoding = 4; lastKnownFileType = sourcecode.c.h; name = fixed_hash_map.h; path = ../../include/EASTL/fixed_hash_map.h; sourceTree = "<group>"; };
		A4677460241A2FB10030F5DE /* fixed_string.h */ = {isa = PBXFileReference; fileEncoding = 4; lastKnownFileType = sourcecode.c.h; name = fixed_string.h; path = ../../include/EASTL/fixed_string.h; sourceTree = "<group>"; };
		A4677461241A2FB10030F5DE /* allocator.h */ = {isa = PBXFileReference; fileEncoding = 4; lastKnownFileType = sourcecode.c.h; name = allocator.h; path = ../../include/EASTL/allocator.h; sourceTree = "<group>"; };
		A4677462241A2FB10030F5DE /* functional.h */ = {isa = PBXFileReference; fileEncoding = 4; lastKnownFileType = sourcecode.c.h; name = functional.h; path = ../../include/EASTL/functional.h; sourceTree = "<group>"; };
		A4677463241A2FB10030F5DE /* fixed_slist.h */ = {isa = PBXFileReference; fileEncoding = 4; lastKnownFileType = sourcecode.c.h; name = fixed_slist.h; path = ../../include/EASTL/fixed_slist.h; sourceTree = "<group>"; };
		A4677464241A2FB10030F5DE /* array.h */ = {isa = PBXFileReference; fileEncoding = 4; lastKnownFileType = sourcecode.c.h; name = array.h; path = ../../include/EASTL/array.h; sourceTree = "<group>"; };
		A4677465241A2FB10030F5DE /* map.h */ = {isa = PBXFileReference; fileEncoding = 4; lastKnownFileType = sourcecode.c.h; name = map.h; path = ../../include/EASTL/map.h; sourceTree = "<group>"; };
		A4677466241A2FB10030F5DE /* linked_ptr.h */ = {isa = PBXFileReference; fileEncoding = 4; lastKnownFileType = sourcecode.c.h; name = linked_ptr.h; path = ../../include/EASTL/linked_ptr.h; sourceTree = "<group>"; };
		A4677467241A2FB20030F5DE /* numeric_limits.h */ = {isa = PBXFileReference; fileEncoding = 4; lastKnownFileType = sourcecode.c.h; name = numeric_limits.h; path = ../../include/EASTL/numeric_limits.h; sourceTree = "<group>"; };
		A4677468241A2FB20030F5DE /* list.h */ = {isa = PBXFileReference; fileEncoding = 4; lastKnownFileType = sourcecode.c.h; name = list.h; path = ../../include/EASTL/list.h; sourceTree = "<group>"; };
		A4677469241A2FB20030F5DE /* string_hash_map.h */ = {isa = PBXFileReference; fileEncoding = 4; lastKnownFileType = sourcecode.c.h; name = string_hash_map.h; path = ../../include/EASTL/string_hash_map.h; sourceTree = "<group>"; };
		A467746A241A2FB20030F5DE /* intrusive_ptr.h */ = {isa = PBXFileReference; fileEncoding = 4; lastKnownFileType = sourcecode.c.h; name = intrusive_ptr.h; path = ../../include/EASTL/intrusive_ptr.h; sourceTree = "<group>"; };
		A467746B241A2FB20030F5DE /* linked_array.h */ = {isa = PBXFileReference; fileEncoding = 4; lastKnownFileType = sourcecode.c.h; name = linked_array.h; path = ../../include/EASTL/linked_array.h; sourceTree = "<group>"; };
		A467746C241A2FB20030F5DE /* shared_ptr.h */ = {isa = PBXFileReference; fileEncoding = 4; lastKnownFileType = sourcecode.c.h; name = shared_ptr.h; path = ../../include/EASTL/shared_ptr.h; sourceTree = "<group>"; };
		A467746D241A2FB20030F5DE /* slist.h */ = {isa = PBXFileReference; fileEncoding = 4; lastKnownFileType = sourcecode.c.h; name = slist.h; path = ../../include/EASTL/slist.h; sourceTree = "<group>"; };
		A467746E241A2FB20030F5DE /* hash_set.h */ = {isa = PBXFileReference; fileEncoding = 4; lastKnownFileType = sourcecode.c.h; name = hash_set.h; path = ../../include/EASTL/hash_set.h; sourceTree = "<group>"; };
		A467746F241A2FB20030F5DE /* intrusive_hash_set.h */ = {isa = PBXFileReference; fileEncoding = 4; lastKnownFileType = sourcecode.c.h; name = intrusive_hash_set.h; path = ../../include/EASTL/intrusive_hash_set.h; sourceTree = "<group>"; };
		A4677470241A2FB20030F5DE /* variant.h */ = {isa = PBXFileReference; fileEncoding = 4; lastKnownFileType = sourcecode.c.h; name = variant.h; path = ../../include/EASTL/variant.h; sourceTree = "<group>"; };
		A4677471241A2FB20030F5DE /* fixed_allocator.h */ = {isa = PBXFileReference; fileEncoding = 4; lastKnownFileType = sourcecode.c.h; name = fixed_allocator.h; path = ../../include/EASTL/fixed_allocator.h; sourceTree = "<group>"; };
		A4677472241A2FB20030F5DE /* intrusive_list.h */ = {isa = PBXFileReference; fileEncoding = 4; lastKnownFileType = sourcecode.c.h; name = intrusive_list.h; path = ../../include/EASTL/intrusive_list.h; sourceTree = "<group>"; };
		A4677473241A2FB20030F5DE /* hash_map.h */ = {isa = PBXFileReference; fileEncoding = 4; lastKnownFileType = sourcecode.c.h; name = hash_map.h; path = ../../include/EASTL/hash_map.h; sourceTree = "<group>"; };
		A4677474241A2FB20030F5DE /* weak_ptr.h */ = {isa = PBXFileReference; fileEncoding = 4; lastKnownFileType = sourcecode.c.h; name = weak_ptr.h; path = ../../include/EASTL/weak_ptr.h; sourceTree = "<group>"; };
		A4677475241A2FB20030F5DE /* sort.h */ = {isa = PBXFileReference; fileEncoding = 4; lastKnownFileType = sourcecode.c.h; name = sort.h; path = ../../include/EASTL/sort.h; sourceTree = "<group>"; };
		A4677476241A2FB20030F5DE /* scoped_ptr.h */ = {isa = PBXFileReference; fileEncoding = 4; lastKnownFileType = sourcecode.c.h; name = scoped_ptr.h; path = ../../include/EASTL/scoped_ptr.h; sourceTree = "<group>"; };
		A4677477241A2FB20030F5DE /* allocator_malloc.h */ = {isa = PBXFileReference; fileEncoding = 4; lastKnownFileType = sourcecode.c.h; name = allocator_malloc.h; path = ../../include/EASTL/allocator_malloc.h; sourceTree = "<group>"; };
		A4677478241A2FB20030F5DE /* span.h */ = {isa = PBXFileReference; fileEncoding = 4; lastKnownFileType = sourcecode.c.h; name = span.h; path = ../../include/EASTL/span.h; sourceTree = "<group>"; };
		A4677479241A2FB20030F5DE /* iterator.h */ = {isa = PBXFileReference; fileEncoding = 4; lastKnownFileType = sourcecode.c.h; name = iterator.h; path = ../../include/EASTL/iterator.h; sourceTree = "<group>"; };
		A467747A241A2FB20030F5DE /* tuple.h */ = {isa = PBXFileReference; fileEncoding = 4; lastKnownFileType = sourcecode.c.h; name = tuple.h; path = ../../include/EASTL/tuple.h; sourceTree = "<group>"; };
		A467747B241A2FB30030F5DE /* initializer_list.h */ = {isa = PBXFileReference; fileEncoding = 4; lastKnownFileType = sourcecode.c.h; name = initializer_list.h; path = ../../include/EASTL/initializer_list.h; sourceTree = "<group>"; };
		A467747C241A2FB30030F5DE /* fixed_hash_set.h */ = {isa = PBXFileReference; fileEncoding = 4; lastKnownFileType = sourcecode.c.h; name = fixed_hash_set.h; path = ../../include/EASTL/fixed_hash_set.h; sourceTree = "<group>"; };
		A467747D241A2FB30030F5DE /* vector.h */ = {isa = PBXFileReference; fileEncoding = 4; lastKnownFileType = sourcecode.c.h; name = vector.h; path = ../../include/EASTL/vector.h; sourceTree = "<group>"; };
		A467747E241A2FB30030F5DE /* vector_map.h */ = {isa = PBXFileReference; fileEncoding = 4; lastKnownFileType = sourcecode.c.h; name = vector_map.h; path = ../../include/EASTL/vector_map.h; sourceTree = "<group>"; };
		A467747F241A2FB30030F5DE /* version.h */ = {isa = PBXFileReference; fileEncoding = 4; lastKnownFileType = sourcecode.c.h; name = version.h; path = ../../include/EASTL/version.h; sourceTree = "<group>"; };
		A4677480241A2FB30030F5DE /* algorithm.h */ = {isa = PBXFileReference; fileEncoding = 4; lastKnownFileType = sourcecode.c.h; name = algorithm.h; path = ../../include/EASTL/algorithm.h; sourceTree = "<group>"; };
		A4677481241A2FB30030F5DE /* fixed_map.h */ = {isa = PBXFileReference; fileEncoding = 4; lastKnownFileType = sourcecode.c.h; name = fixed_map.h; path = ../../include/EASTL/fixed_map.h; sourceTree = "<group>"; };
		A4677482241A2FB30030F5DE /* bonus */ = {isa = PBXFileReference; lastKnownFileType = folder; name = bonus; path = ../../include/EASTL/bonus; sourceTree = "<group>"; };
		A4677483241A2FB30030F5DE /* unordered_set.h */ = {isa = PBXFileReference; fileEncoding = 4; lastKnownFileType = sourcecode.c.h; name = unordered_set.h; path = ../../include/EASTL/unordered_set.h; sourceTree = "<group>"; };
		A4677484241A2FB30030F5DE /* safe_ptr.h */ = {isa = PBXFileReference; fileEncoding = 4; lastKnownFileType = sourcecode.c.h; name = safe_ptr.h; path = ../../include/EASTL/safe_ptr.h; sourceTree = "<group>"; };
		A4677485241A2FB30030F5DE /* type_traits.h */ = {isa = PBXFileReference; fileEncoding = 4; lastKnownFileType = sourcecode.c.h; name = type_traits.h; path = ../../include/EASTL/type_traits.h; sourceTree = "<group>"; };
		A4677486241A2FB30030F5DE /* core_allocator_adapter.h */ = {isa = PBXFileReference; fileEncoding = 4; lastKnownFileType = sourcecode.c.h; name = core_allocator_adapter.h; path = ../../include/EASTL/core_allocator_adapter.h; sourceTree = "<group>"; };
		A4677487241A2FB30030F5DE /* fixed_substring.h */ = {isa = PBXFileReference; fileEncoding = 4; lastKnownFileType = sourcecode.c.h; name = fixed_substring.h; path = ../../include/EASTL/fixed_substring.h; sourceTree = "<group>"; };
		A4677488241A2FB30030F5DE /* intrusive_hash_map.h */ = {isa = PBXFileReference; fileEncoding = 4; lastKnownFileType = sourcecode.c.h; name = intrusive_hash_map.h; path = ../../include/EASTL/intrusive_hash_map.h; sourceTree = "<group>"; };
		A4677489241A2FB40030F5DE /* any.h */ = {isa = PBXFileReference; fileEncoding = 4; lastKnownFileType = sourcecode.c.h; name = any.h; path = ../../include/EASTL/any.h; sourceTree = "<group>"; };
		A467748A241A2FB40030F5DE /* ratio.h */ = {isa = PBXFileReference; fileEncoding = 4; lastKnownFileType = sourcecode.c.h; name = ratio.h; path = ../../include/EASTL/ratio.h; sourceTree = "<group>"; };
		A467748B241A2FB40030F5DE /* priority_queue.h */ = {isa = PBXFileReference; fileEncoding = 4; lastKnownFileType = sourcecode.c.h; name = priority_queue.h; path = ../../include/EASTL/priority_queue.h; sourceTree = "<group>"; };
		A467748C241A2FB40030F5DE /* vector_multiset.h */ = {isa = PBXFileReference; fileEncoding = 4; lastKnownFileType = sourcecode.c.h; name = vector_multiset.h; path = ../../include/EASTL/vector_multiset.h; sourceTree = "<group>"; };
		A467748D241A2FB40030F5DE /* string_view.h */ = {isa = PBXFileReference; fileEncoding = 4; lastKnownFileType = sourcecode.c.h; name = string_view.h; path = ../../include/EASTL/string_view.h; sourceTree = "<group>"; };
		A467748E241A2FB40030F5DE /* optional.h */ = {isa = PBXFileReference; fileEncoding = 4; lastKnownFileType = sourcecode.c.h; name = optional.h; path = ../../include/EASTL/optional.h; sourceTree = "<group>"; };
		A467748F241A2FB40030F5DE /* unique_ptr.h */ = {isa = PBXFileReference; fileEncoding = 4; lastKnownFileType = sourcecode.c.h; name = unique_ptr.h; path = ../../include/EASTL/unique_ptr.h; sourceTree = "<group>"; };
		A4677490241A2FB40030F5DE /* fixed_set.h */ = {isa = PBXFileReference; fileEncoding = 4; lastKnownFileType = sourcecode.c.h; name = fixed_set.h; path = ../../include/EASTL/fixed_set.h; sourceTree = "<group>"; };
		A4677491241A2FB40030F5DE /* chrono.h */ = {isa = PBXFileReference; fileEncoding = 4; lastKnownFileType = sourcecode.c.h; name = chrono.h; path = ../../include/EASTL/chrono.h; sourceTree = "<group>"; };
		A4677492241A2FB40030F5DE /* fixed_function.h */ = {isa = PBXFileReference; fileEncoding = 4; lastKnownFileType = sourcecode.c.h; name = fixed_function.h; path = ../../include/EASTL/fixed_function.h; sourceTree = "<group>"; };
		A4677493241A2FB40030F5DE /* numeric.h */ = {isa = PBXFileReference; fileEncoding = 4; lastKnownFileType = sourcecode.c.h; name = numeric.h; path = ../../include/EASTL/numeric.h; sourceTree = "<group>"; };
		A4677494241A2FB40030F5DE /* scoped_array.h */ = {isa = PBXFileReference; fileEncoding = 4; lastKnownFileType = sourcecode.c.h; name = scoped_array.h; path = ../../include/EASTL/scoped_array.h; sourceTree = "<group>"; };
		A4677495241A2FB40030F5DE /* string_map.h */ = {isa = PBXFileReference; fileEncoding = 4; lastKnownFileType = sourcecode.c.h; name = string_map.h; path = ../../include/EASTL/string_map.h; sourceTree = "<group>"; };
		A4677496241A2FB40030F5DE /* heap.h */ = {isa = PBXFileReference; fileEncoding = 4; lastKnownFileType = sourcecode.c.h; name = heap.h; path = ../../include/EASTL/heap.h; sourceTree = "<group>"; };
		A4677497241A2FB40030F5DE /* core_allocator.h */ = {isa = PBXFileReference; fileEncoding = 4; lastKnownFileType = sourcecode.c.h; name = core_allocator.h; path = ../../include/EASTL/core_allocator.h; sourceTree = "<group>"; };
		A4677498241A2FB50030F5DE /* bitvector.h */ = {isa = PBXFileReference; fileEncoding = 4; lastKnownFileType = sourcecode.c.h; name = bitvector.h; path = ../../include/EASTL/bitvector.h; sourceTree = "<group>"; };
		A4677499241A2FB50030F5DE /* deque.h */ = {isa = PBXFileReference; fileEncoding = 4; lastKnownFileType = sourcecode.c.h; name = deque.h; path = ../../include/EASTL/deque.h; sourceTree = "<group>"; };
		A467749A241A2FB50030F5DE /* vector_set.h */ = {isa = PBXFileReference; fileEncoding = 4; lastKnownFileType = sourcecode.c.h; name = vector_set.h; path = ../../include/EASTL/vector_set.h; sourceTree = "<group>"; };
		A467749B241A2FB50030F5DE /* utility.h */ = {isa = PBXFileReference; fileEncoding = 4; lastKnownFileType = sourcecode.c.h; name = utility.h; path = ../../include/EASTL/utility.h; sourceTree = "<group>"; };
		A467749C241A2FB50030F5DE /* random.h */ = {isa = PBXFileReference; fileEncoding = 4; lastKnownFileType = sourcecode.c.h; name = random.h; path = ../../include/EASTL/random.h; sourceTree = "<group>"; };
		A467749D241A2FB50030F5DE /* bitset.h */ = {isa = PBXFileReference; fileEncoding = 4; lastKnownFileType = sourcecode.c.h; name = bitset.h; path = ../../include/EASTL/bitset.h; sourceTree = "<group>"; };
		A467749E241A2FB50030F5DE /* internal */ = {isa = PBXFileReference; lastKnownFileType = folder; name = internal; path = ../../include/EASTL/internal; sourceTree = "<group>"; };
		A467749F241A2FB50030F5DE /* finally.h */ = {isa = PBXFileReference; fileEncoding = 4; lastKnownFileType = sourcecode.c.h; name = finally.h; path = ../../include/EASTL/finally.h; sourceTree = "<group>"; };
		A46774A0241A2FB50030F5DE /* memory.h */ = {isa = PBXFileReference; fileEncoding = 4; lastKnownFileType = sourcecode.c.h; name = memory.h; path = ../../include/EASTL/memory.h; sourceTree = "<group>"; };
		A46774A1241A2FB50030F5DE /* meta.h */ = {isa = PBXFileReference; fileEncoding = 4; lastKnownFileType = sourcecode.c.h; name = meta.h; path = ../../include/EASTL/meta.h; sourceTree = "<group>"; };
		A46774A2241A2FB50030F5DE /* segmented_vector.h */ = {isa = PBXFileReference; fileEncoding = 4; lastKnownFileType = sourcecode.c.h; name = segmented_vector.h; path = ../../include/EASTL/segmented_vector.h; sourceTree = "<group>"; };
		A46774A3241A2FB50030F5DE /* set.h */ = {isa = PBXFileReference; fileEncoding = 4; lastKnownFileType = sourcecode.c.h; name = set.h; path = ../../include/EASTL/set.h; sourceTree = "<group>"; };
		A46774A4241A2FB50030F5DE /* stack.h */ = {isa = PBXFileReference; fileEncoding = 4; lastKnownFileType = sourcecode.c.h; name = stack.h; path = ../../include/EASTL/stack.h; sourceTree = "<group>"; };
		A46774A5241A2FB50030F5DE /* queue.h */ = {isa = PBXFileReference; fileEncoding = 4; lastKnownFileType = sourcecode.c.h; name = queue.h; path = ../../include/EASTL/queue.h; sourceTree = "<group>"; };
		A46774A6241A2FB50030F5DE /* string.h */ = {isa = PBXFileReference; fileEncoding = 4; lastKnownFileType = sourcecode.c.h; name = string.h; path = ../../include/EASTL/string.h; sourceTree = "<group>"; };
		A46774A7241A2FB50030F5DE /* fixed_vector.h */ = {isa = PBXFileReference; fileEncoding = 4; lastKnownFileType = sourcecode.c.h; name = fixed_vector.h; path = ../../include/EASTL/fixed_vector.h; sourceTree = "<group>"; };
		A46774A8241A2FB50030F5DE /* fixed_list.h */ = {isa = PBXFileReference; fileEncoding = 4; lastKnownFileType = sourcecode.c.h; name = fixed_list.h; path = ../../include/EASTL/fixed_list.h; sourceTree = "<group>"; };
		A46774AA241A2FFC0030F5DE /* intrusive_list.cpp */ = {isa = PBXFileReference; fileEncoding = 4; lastKnownFileType = sourcecode.cpp.cpp; name = intrusive_list.cpp; path = ../../source/intrusive_list.cpp; sourceTree = "<group>"; };
		A46774AB241A2FFC0030F5DE /* assert.cpp */ = {isa = PBXFileReference; fileEncoding = 4; lastKnownFileType = sourcecode.cpp.cpp; name = assert.cpp; path = ../../source/assert.cpp; sourceTree = "<group>"; };
		A46774AC241A2FFC0030F5DE /* fixed_pool.cpp */ = {isa = PBXFileReference; fileEncoding = 4; lastKnownFileType = sourcecode.cpp.cpp; name = fixed_pool.cpp; path = ../../source/fixed_pool.cpp; sourceTree = "<group>"; };
		A46774AD241A2FFC0030F5DE /* hashtable.cpp */ = {isa = PBXFileReference; fileEncoding = 4; lastKnownFileType = sourcecode.cpp.cpp; name = hashtable.cpp; path = ../../source/hashtable.cpp; sourceTree = "<group>"; };
		A46774AE241A2FFC0030F5DE /* numeric_limits.cpp */ = {isa = PBXFileReference; fileEncoding = 4; lastKnownFileType = sourcecode.cpp.cpp; name = numeric_limits.cpp; path = ../../source/numeric_limits.cpp; sourceTree = "<group>"; };
		A46774AF241A2FFC0030F5DE /* allocator_eastl.cpp */ = {isa = PBXFileReference; fileEncoding = 4; lastKnownFileType = sourcecode.cpp.cpp; name = allocator_eastl.cpp; path = ../../source/allocator_eastl.cpp; sourceTree = "<group>"; };
		A46774B0241A2FFD0030F5DE /* string.cpp */ = {isa = PBXFileReference; fileEncoding = 4; lastKnownFileType = sourcecode.cpp.cpp; name = string.cpp; path = ../../source/string.cpp; sourceTree = "<group>"; };
		A46774B1241A2FFD0030F5DE /* thread_support.cpp */ = {isa = PBXFileReference; fileEncoding = 4; lastKnownFileType = sourcecode.cpp.cpp; name = thread_support.cpp; path = ../../source/thread_support.cpp; sourceTree = "<group>"; };
		A46774B2241A2FFD0030F5DE /* red_black_tree.cpp */ = {isa = PBXFileReference; fileEncoding = 4; lastKnownFileType = sourcecode.cpp.cpp; name = red_black_tree.cpp; path = ../../source/red_black_tree.cpp; sourceTree = "<group>"; };
/* End PBXFileReference section */

/* Begin PBXFrameworksBuildPhase section */
		A467744D241A2F0F0030F5DE /* Frameworks */ = {
			isa = PBXFrameworksBuildPhase;
			buildActionMask = 2147483647;
			files = (
			);
			runOnlyForDeploymentPostprocessing = 0;
		};
/* End PBXFrameworksBuildPhase section */

/* Begin PBXGroup section */
		A4677447241A2F0F0030F5DE = {
			isa = PBXGroup;
			children = (
				A46774A9241A2FED0030F5DE /* source */,
				A4677452241A2F0F0030F5DE /* EASTL */,
				A4677451241A2F0F0030F5DE /* Products */,
			);
			sourceTree = "<group>";
		};
		A4677451241A2F0F0030F5DE /* Products */ = {
			isa = PBXGroup;
			children = (
				A4677450241A2F0F0030F5DE /* libEASTL.a */,
			);
			name = Products;
			sourceTree = "<group>";
		};
		A4677452241A2F0F0030F5DE /* EASTL */ = {
			isa = PBXGroup;
			children = (
				A4677480241A2FB30030F5DE /* algorithm.h */,
				A4677477241A2FB20030F5DE /* allocator_malloc.h */,
				A4677461241A2FB10030F5DE /* allocator.h */,
				A4677489241A2FB40030F5DE /* any.h */,
				A4677464241A2FB10030F5DE /* array.h */,
				A467749D241A2FB50030F5DE /* bitset.h */,
				A4677498241A2FB50030F5DE /* bitvector.h */,
				A4677482241A2FB30030F5DE /* bonus */,
				A4677491241A2FB40030F5DE /* chrono.h */,
				A4677486241A2FB30030F5DE /* core_allocator_adapter.h */,
				A4677497241A2FB40030F5DE /* core_allocator.h */,
				A4677499241A2FB50030F5DE /* deque.h */,
				A467749F241A2FB50030F5DE /* finally.h */,
				A4677471241A2FB20030F5DE /* fixed_allocator.h */,
				A4677492241A2FB40030F5DE /* fixed_function.h */,
				A467745F241A2FB10030F5DE /* fixed_hash_map.h */,
				A467747C241A2FB30030F5DE /* fixed_hash_set.h */,
				A46774A8241A2FB50030F5DE /* fixed_list.h */,
				A4677481241A2FB30030F5DE /* fixed_map.h */,
				A4677490241A2FB40030F5DE /* fixed_set.h */,
				A4677463241A2FB10030F5DE /* fixed_slist.h */,
				A4677460241A2FB10030F5DE /* fixed_string.h */,
				A4677487241A2FB30030F5DE /* fixed_substring.h */,
				A46774A7241A2FB50030F5DE /* fixed_vector.h */,
				A4677462241A2FB10030F5DE /* functional.h */,
				A4677473241A2FB20030F5DE /* hash_map.h */,
				A467746E241A2FB20030F5DE /* hash_set.h */,
				A4677496241A2FB40030F5DE /* heap.h */,
				A467747B241A2FB30030F5DE /* initializer_list.h */,
				A467749E241A2FB50030F5DE /* internal */,
				A4677488241A2FB30030F5DE /* intrusive_hash_map.h */,
				A467746F241A2FB20030F5DE /* intrusive_hash_set.h */,
				A4677472241A2FB20030F5DE /* intrusive_list.h */,
				A467746A241A2FB20030F5DE /* intrusive_ptr.h */,
				A4677479241A2FB20030F5DE /* iterator.h */,
				A467746B241A2FB20030F5DE /* linked_array.h */,
				A4677466241A2FB10030F5DE /* linked_ptr.h */,
				A4677468241A2FB20030F5DE /* list.h */,
				A4677465241A2FB10030F5DE /* map.h */,
				A46774A0241A2FB50030F5DE /* memory.h */,
				A46774A1241A2FB50030F5DE /* meta.h */,
				A4677467241A2FB20030F5DE /* numeric_limits.h */,
				A4677493241A2FB40030F5DE /* numeric.h */,
				A467748E241A2FB40030F5DE /* optional.h */,
				A467748B241A2FB40030F5DE /* priority_queue.h */,
				A46774A5241A2FB50030F5DE /* queue.h */,
				A467749C241A2FB50030F5DE /* random.h */,
				A467748A241A2FB40030F5DE /* ratio.h */,
				A4677484241A2FB30030F5DE /* safe_ptr.h */,
				A4677494241A2FB40030F5DE /* scoped_array.h */,
				A4677476241A2FB20030F5DE /* scoped_ptr.h */,
				A46774A2241A2FB50030F5DE /* segmented_vector.h */,
				A46774A3241A2FB50030F5DE /* set.h */,
				A467745C241A2FB10030F5DE /* shared_array.h */,
				A467746C241A2FB20030F5DE /* shared_ptr.h */,
				A467746D241A2FB20030F5DE /* slist.h */,
				A4677475241A2FB20030F5DE /* sort.h */,
				A4677478241A2FB20030F5DE /* span.h */,
				A46774A4241A2FB50030F5DE /* stack.h */,
				A4677469241A2FB20030F5DE /* string_hash_map.h */,
				A4677495241A2FB40030F5DE /* string_map.h */,
				A467748D241A2FB40030F5DE /* string_view.h */,
				A46774A6241A2FB50030F5DE /* string.h */,
				A467747A241A2FB20030F5DE /* tuple.h */,
				A4677485241A2FB30030F5DE /* type_traits.h */,
				A467748F241A2FB40030F5DE /* unique_ptr.h */,
				A467745D241A2FB10030F5DE /* unordered_map.h */,
				A4677483241A2FB30030F5DE /* unordered_set.h */,
				A467749B241A2FB50030F5DE /* utility.h */,
				A4677470241A2FB20030F5DE /* variant.h */,
				A467747E241A2FB30030F5DE /* vector_map.h */,
				A467745E241A2FB10030F5DE /* vector_multimap.h */,
				A467748C241A2FB40030F5DE /* vector_multiset.h */,
				A467749A241A2FB50030F5DE /* vector_set.h */,
				A467747D241A2FB30030F5DE /* vector.h */,
				A467747F241A2FB30030F5DE /* version.h */,
				A4677474241A2FB20030F5DE /* weak_ptr.h */,
			);
			path = EASTL;
			sourceTree = "<group>";
		};
		A46774A9241A2FED0030F5DE /* source */ = {
			isa = PBXGroup;
			children = (
				A46774AF241A2FFC0030F5DE /* allocator_eastl.cpp */,
				A46774AB241A2FFC0030F5DE /* assert.cpp */,
				A46774AC241A2FFC0030F5DE /* fixed_pool.cpp */,
				A46774AD241A2FFC0030F5DE /* hashtable.cpp */,
				A46774AA241A2FFC0030F5DE /* intrusive_list.cpp */,
				A46774AE241A2FFC0030F5DE /* numeric_limits.cpp */,
				A46774B2241A2FFD0030F5DE /* red_black_tree.cpp */,
				A46774B0241A2FFD0030F5DE /* string.cpp */,
				A46774B1241A2FFD0030F5DE /* thread_support.cpp */,
			);
			path = source;
			sourceTree = "<group>";
		};
/* End PBXGroup section */

/* Begin PBXNativeTarget section */
		A467744F241A2F0F0030F5DE /* EASTL */ = {
			isa = PBXNativeTarget;
			buildConfigurationList = A4677459241A2F0F0030F5DE /* Build configuration list for PBXNativeTarget "EASTL" */;
			buildPhases = (
				A467744C241A2F0F0030F5DE /* Sources */,
				A467744D241A2F0F0030F5DE /* Frameworks */,
				A467744E241A2F0F0030F5DE /* CopyFiles */,
			);
			buildRules = (
			);
			dependencies = (
			);
			name = EASTL;
			productName = EASTL;
			productReference = A4677450241A2F0F0030F5DE /* libEASTL.a */;
			productType = "com.apple.product-type.library.static";
		};
/* End PBXNativeTarget section */

/* Begin PBXProject section */
		A4677448241A2F0F0030F5DE /* Project object */ = {
			isa = PBXProject;
			attributes = {
				LastUpgradeCheck = 1130;
				ORGANIZATIONNAME = Harmonicdog;
				TargetAttributes = {
					A467744F241A2F0F0030F5DE = {
						CreatedOnToolsVersion = 11.3.1;
					};
				};
			};
			buildConfigurationList = A467744B241A2F0F0030F5DE /* Build configuration list for PBXProject "EASTL" */;
			compatibilityVersion = "Xcode 9.3";
			developmentRegion = en;
			hasScannedForEncodings = 0;
			knownRegions = (
				en,
				Base,
			);
			mainGroup = A4677447241A2F0F0030F5DE;
			productRefGroup = A4677451241A2F0F0030F5DE /* Products */;
			projectDirPath = "";
			projectRoot = "";
			targets = (
				A467744F241A2F0F0030F5DE /* EASTL */,
			);
		};
/* End PBXProject section */

/* Begin PBXSourcesBuildPhase section */
		A467744C241A2F0F0030F5DE /* Sources */ = {
			isa = PBXSourcesBuildPhase;
			buildActionMask = 2147483647;
			files = (
				A46774B5241A2FFD0030F5DE /* fixed_pool.cpp in Sources */,
				A46774BB241A2FFD0030F5DE /* red_black_tree.cpp in Sources */,
				A46774BA241A2FFD0030F5DE /* thread_support.cpp in Sources */,
				A46774B7241A2FFD0030F5DE /* numeric_limits.cpp in Sources */,
				A46774B9241A2FFD0030F5DE /* string.cpp in Sources */,
				A46774B4241A2FFD0030F5DE /* assert.cpp in Sources */,
				A46774B8241A2FFD0030F5DE /* allocator_eastl.cpp in Sources */,
				A46774B6241A2FFD0030F5DE /* hashtable.cpp in Sources */,
				A46774B3241A2FFD0030F5DE /* intrusive_list.cpp in Sources */,
			);
			runOnlyForDeploymentPostprocessing = 0;
		};
/* End PBXSourcesBuildPhase section */

/* Begin XCBuildConfiguration section */
		A4677457241A2F0F0030F5DE /* Debug */ = {
			isa = XCBuildConfiguration;
			buildSettings = {
				ALWAYS_SEARCH_USER_PATHS = NO;
				CLANG_ANALYZER_NONNULL = YES;
				CLANG_ANALYZER_NUMBER_OBJECT_CONVERSION = YES_AGGRESSIVE;
				CLANG_CXX_LANGUAGE_STANDARD = "gnu++14";
				CLANG_CXX_LIBRARY = "libc++";
				CLANG_ENABLE_MODULES = YES;
				CLANG_ENABLE_OBJC_ARC = YES;
				CLANG_ENABLE_OBJC_WEAK = YES;
				CLANG_WARN_BLOCK_CAPTURE_AUTORELEASING = YES;
				CLANG_WARN_BOOL_CONVERSION = YES;
				CLANG_WARN_COMMA = YES;
				CLANG_WARN_CONSTANT_CONVERSION = YES;
				CLANG_WARN_DEPRECATED_OBJC_IMPLEMENTATIONS = YES;
				CLANG_WARN_DIRECT_OBJC_ISA_USAGE = YES_ERROR;
				CLANG_WARN_DOCUMENTATION_COMMENTS = YES;
				CLANG_WARN_EMPTY_BODY = YES;
				CLANG_WARN_ENUM_CONVERSION = YES;
				CLANG_WARN_INFINITE_RECURSION = YES;
				CLANG_WARN_INT_CONVERSION = YES;
				CLANG_WARN_NON_LITERAL_NULL_CONVERSION = YES;
				CLANG_WARN_OBJC_IMPLICIT_RETAIN_SELF = YES;
				CLANG_WARN_OBJC_LITERAL_CONVERSION = YES;
				CLANG_WARN_OBJC_ROOT_CLASS = YES_ERROR;
				CLANG_WARN_RANGE_LOOP_ANALYSIS = YES;
				CLANG_WARN_STRICT_PROTOTYPES = YES;
				CLANG_WARN_SUSPICIOUS_MOVE = YES;
				CLANG_WARN_UNGUARDED_AVAILABILITY = YES_AGGRESSIVE;
				CLANG_WARN_UNREACHABLE_CODE = YES;
				CLANG_WARN__DUPLICATE_METHOD_MATCH = YES;
				COPY_PHASE_STRIP = NO;
				DEBUG_INFORMATION_FORMAT = dwarf;
				ENABLE_STRICT_OBJC_MSGSEND = YES;
				ENABLE_TESTABILITY = YES;
				GCC_C_LANGUAGE_STANDARD = gnu11;
				GCC_DYNAMIC_NO_PIC = NO;
				GCC_NO_COMMON_BLOCKS = YES;
				GCC_OPTIMIZATION_LEVEL = 0;
				GCC_PREPROCESSOR_DEFINITIONS = (
					"DEBUG=1",
					"$(inherited)",
				);
				GCC_WARN_64_TO_32_BIT_CONVERSION = YES;
				GCC_WARN_ABOUT_RETURN_TYPE = YES_ERROR;
				GCC_WARN_UNDECLARED_SELECTOR = YES;
				GCC_WARN_UNINITIALIZED_AUTOS = YES_AGGRESSIVE;
				GCC_WARN_UNUSED_FUNCTION = YES;
				GCC_WARN_UNUSED_VARIABLE = YES;
				HEADER_SEARCH_PATHS = (
					../include,
					../test/packages/EABase/include/Common,
				);
				IPHONEOS_DEPLOYMENT_TARGET = 13.2;
				MTL_ENABLE_DEBUG_INFO = INCLUDE_SOURCE;
				MTL_FAST_MATH = YES;
				ONLY_ACTIVE_ARCH = YES;
				SDKROOT = iphoneos;
			};
			name = Debug;
		};
		A4677458241A2F0F0030F5DE /* Release */ = {
			isa = XCBuildConfiguration;
			buildSettings = {
				ALWAYS_SEARCH_USER_PATHS = NO;
				CLANG_ANALYZER_NONNULL = YES;
				CLANG_ANALYZER_NUMBER_OBJECT_CONVERSION = YES_AGGRESSIVE;
				CLANG_CXX_LANGUAGE_STANDARD = "gnu++14";
				CLANG_CXX_LIBRARY = "libc++";
				CLANG_ENABLE_MODULES = YES;
				CLANG_ENABLE_OBJC_ARC = YES;
				CLANG_ENABLE_OBJC_WEAK = YES;
				CLANG_WARN_BLOCK_CAPTURE_AUTORELEASING = YES;
				CLANG_WARN_BOOL_CONVERSION = YES;
				CLANG_WARN_COMMA = YES;
				CLANG_WARN_CONSTANT_CONVERSION = YES;
				CLANG_WARN_DEPRECATED_OBJC_IMPLEMENTATIONS = YES;
				CLANG_WARN_DIRECT_OBJC_ISA_USAGE = YES_ERROR;
				CLANG_WARN_DOCUMENTATION_COMMENTS = YES;
				CLANG_WARN_EMPTY_BODY = YES;
				CLANG_WARN_ENUM_CONVERSION = YES;
				CLANG_WARN_INFINITE_RECURSION = YES;
				CLANG_WARN_INT_CONVERSION = YES;
				CLANG_WARN_NON_LITERAL_NULL_CONVERSION = YES;
				CLANG_WARN_OBJC_IMPLICIT_RETAIN_SELF = YES;
				CLANG_WARN_OBJC_LITERAL_CONVERSION = YES;
				CLANG_WARN_OBJC_ROOT_CLASS = YES_ERROR;
				CLANG_WARN_RANGE_LOOP_ANALYSIS = YES;
				CLANG_WARN_STRICT_PROTOTYPES = YES;
				CLANG_WARN_SUSPICIOUS_MOVE = YES;
				CLANG_WARN_UNGUARDED_AVAILABILITY = YES_AGGRESSIVE;
				CLANG_WARN_UNREACHABLE_CODE = YES;
				CLANG_WARN__DUPLICATE_METHOD_MATCH = YES;
				COPY_PHASE_STRIP = NO;
				DEBUG_INFORMATION_FORMAT = "dwarf-with-dsym";
				ENABLE_NS_ASSERTIONS = NO;
				ENABLE_STRICT_OBJC_MSGSEND = YES;
				GCC_C_LANGUAGE_STANDARD = gnu11;
				GCC_NO_COMMON_BLOCKS = YES;
				GCC_WARN_64_TO_32_BIT_CONVERSION = YES;
				GCC_WARN_ABOUT_RETURN_TYPE = YES_ERROR;
				GCC_WARN_UNDECLARED_SELECTOR = YES;
				GCC_WARN_UNINITIALIZED_AUTOS = YES_AGGRESSIVE;
				GCC_WARN_UNUSED_FUNCTION = YES;
				GCC_WARN_UNUSED_VARIABLE = YES;
				HEADER_SEARCH_PATHS = (
					../include,
					../test/packages/EABase/include/Common,
				);
				IPHONEOS_DEPLOYMENT_TARGET = 13.2;
				MTL_ENABLE_DEBUG_INFO = NO;
				MTL_FAST_MATH = YES;
				SDKROOT = iphoneos;
				VALIDATE_PRODUCT = YES;
			};
			name = Release;
		};
		A467745A241A2F0F0030F5DE /* Debug */ = {
			isa = XCBuildConfiguration;
			buildSettings = {
				CODE_SIGN_STYLE = Automatic;
				OTHER_LDFLAGS = "-ObjC";
				PRODUCT_NAME = "$(TARGET_NAME)";
				SKIP_INSTALL = YES;
				TARGETED_DEVICE_FAMILY = "1,2";
			};
			name = Debug;
		};
		A467745B241A2F0F0030F5DE /* Release */ = {
			isa = XCBuildConfiguration;
			buildSettings = {
				CODE_SIGN_STYLE = Automatic;
				OTHER_LDFLAGS = "-ObjC";
				PRODUCT_NAME = "$(TARGET_NAME)";
				SKIP_INSTALL = YES;
				TARGETED_DEVICE_FAMILY = "1,2";
			};
			name = Release;
		};
/* End XCBuildConfiguration section */

/* Begin XCConfigurationList section */
		A467744B241A2F0F0030F5DE /* Build configuration list for PBXProject "EASTL" */ = {
			isa = XCConfigurationList;
			buildConfigurations = (
				A4677457241A2F0F0030F5DE /* Debug */,
				A4677458241A2F0F0030F5DE /* Release */,
			);
			defaultConfigurationIsVisible = 0;
			defaultConfigurationName = Release;
		};
		A4677459241A2F0F0030F5DE /* Build configuration list for PBXNativeTarget "EASTL" */ = {
			isa = XCConfigurationList;
			buildConfigurations = (
				A467745A241A2F0F0030F5DE /* Debug */,
				A467745B241A2F0F0030F5DE /* Release */,
			);
			defaultConfigurationIsVisible = 0;
			defaultConfigurationName = Release;
		};
/* End XCConfigurationList section */
	};
	rootObject = A4677448241A2F0F0030F5DE /* Project object */;
}
